
Microsoft Visual Studio Solution File, Format Version 12.00
# Visual Studio Version 17
VisualStudioVersion = 17.0.31903.59
MinimumVisualStudioVersion = 10.0.40219.1
Project("{2150E333-8FDC-42A3-9474-1A3956D46DE8}") = "src", "src", "{220BD06A-B107-4F1B-ABA8-A6FA42ADBC40}"
EndProject
Project("{9A19103F-16F7-4668-BE54-9A1E7A4F7556}") = "SocialMediaAssistant.ApiApp", "src\SocialMediaAssistant.ApiApp\SocialMediaAssistant.ApiApp.csproj", "{16C77BEB-55A7-442A-9042-D1D74DE16D34}"
EndProject
Project("{9A19103F-16F7-4668-BE54-9A1E7A4F7556}") = "SocialMediaAssistant.Models.Examples", "src\SocialMediaAssistant.Models.Examples\SocialMediaAssistant.Models.Examples.csproj", "{49CE95B9-E9C6-4D82-B286-11E5351C795E}"
EndProject
Project("{9A19103F-16F7-4668-BE54-9A1E7A4F7556}") = "SocialMediaAssistant.Services.OpenAI", "src\SocialMediaAssistant.Services.OpenAI\SocialMediaAssistant.Services.OpenAI.csproj", "{B930B1C5-33B8-4097-A5C3-4039DE3E2542}"
EndProject
Global
	GlobalSection(SolutionConfigurationPlatforms) = preSolution
		Debug|Any CPU = Debug|Any CPU
		Release|Any CPU = Release|Any CPU
	EndGlobalSection
	GlobalSection(ProjectConfigurationPlatforms) = postSolution
		{16C77BEB-55A7-442A-9042-D1D74DE16D34}.Debug|Any CPU.ActiveCfg = Debug|Any CPU
		{16C77BEB-55A7-442A-9042-D1D74DE16D34}.Debug|Any CPU.Build.0 = Debug|Any CPU
		{16C77BEB-55A7-442A-9042-D1D74DE16D34}.Release|Any CPU.ActiveCfg = Release|Any CPU
		{16C77BEB-55A7-442A-9042-D1D74DE16D34}.Release|Any CPU.Build.0 = Release|Any CPU
		{49CE95B9-E9C6-4D82-B286-11E5351C795E}.Debug|Any CPU.ActiveCfg = Debug|Any CPU
		{49CE95B9-E9C6-4D82-B286-11E5351C795E}.Debug|Any CPU.Build.0 = Debug|Any CPU
		{49CE95B9-E9C6-4D82-B286-11E5351C795E}.Release|Any CPU.ActiveCfg = Release|Any CPU
		{49CE95B9-E9C6-4D82-B286-11E5351C795E}.Release|Any CPU.Build.0 = Release|Any CPU
		{B930B1C5-33B8-4097-A5C3-4039DE3E2542}.Debug|Any CPU.ActiveCfg = Debug|Any CPU
		{B930B1C5-33B8-4097-A5C3-4039DE3E2542}.Debug|Any CPU.Build.0 = Debug|Any CPU
		{B930B1C5-33B8-4097-A5C3-4039DE3E2542}.Release|Any CPU.ActiveCfg = Release|Any CPU
		{B930B1C5-33B8-4097-A5C3-4039DE3E2542}.Release|Any CPU.Build.0 = Release|Any CPU
	EndGlobalSection
	GlobalSection(SolutionProperties) = preSolution
		HideSolutionNode = FALSE
	EndGlobalSection
	GlobalSection(NestedProjects) = preSolution
		{16C77BEB-55A7-442A-9042-D1D74DE16D34} = {220BD06A-B107-4F1B-ABA8-A6FA42ADBC40}
		{49CE95B9-E9C6-4D82-B286-11E5351C795E} = {220BD06A-B107-4F1B-ABA8-A6FA42ADBC40}
		{B930B1C5-33B8-4097-A5C3-4039DE3E2542} = {220BD06A-B107-4F1B-ABA8-A6FA42ADBC40}
	EndGlobalSection
	GlobalSection(ExtensibilityGlobals) = postSolution
		SolutionGuid = {813A39D6-489D-4E75-9BDD-096EF50DBCFA}
	EndGlobalSection
EndGlobal
